
Microsoft Visual Studio Solution File, Format Version 12.00
# Visual Studio Version 17
VisualStudioVersion = 17.10.34916.146
MinimumVisualStudioVersion = 10.0.40219.1
Project("{FAE04EC0-301F-11D3-BF4B-00C04F79EFBC}") = "ExerciseTracker", "ExerciseTracker\ExerciseTracker.csproj", "{05CE7A73-226B-44FA-895E-9F1FC539685F}"
EndProject
Global
	GlobalSection(SolutionConfigurationPlatforms) = preSolution
		Debug|Any CPU = Debug|Any CPU
		Release|Any CPU = Release|Any CPU
	EndGlobalSection
	GlobalSection(ProjectConfigurationPlatforms) = postSolution
		{05CE7A73-226B-44FA-895E-9F1FC539685F}.Debug|Any CPU.ActiveCfg = Debug|Any CPU
		{05CE7A73-226B-44FA-895E-9F1FC539685F}.Debug|Any CPU.Build.0 = Debug|Any CPU
		{05CE7A73-226B-44FA-895E-9F1FC539685F}.Release|Any CPU.ActiveCfg = Release|Any CPU
		{05CE7A73-226B-44FA-895E-9F1FC539685F}.Release|Any CPU.Build.0 = Release|Any CPU
	EndGlobalSection
	GlobalSection(SolutionProperties) = preSolution
		HideSolutionNode = FALSE
	EndGlobalSection
	GlobalSection(ExtensibilityGlobals) = postSolution
		SolutionGuid = {064E3788-014B-46CF-BABC-7FEC5E2B31A0}
	EndGlobalSection
EndGlobal
